
Microsoft Visual Studio Solution File, Format Version 12.00
# Visual Studio Version 17
VisualStudioVersion = 17.6.33712.159
MinimumVisualStudioVersion = 10.0.40219.1
Project("{FAE04EC0-301F-11D3-BF4B-00C04F79EFBC}") = "PruebaDDD", "PruebaDDD\PruebaDDD.csproj", "{EB25EFB0-5629-4282-856A-750C2DA490B7}"
EndProject
Project("{2150E333-8FDC-42A3-9474-1A3956D46DE8}") = "API", "API", "{F9C778B9-DBAF-4627-BF80-517733807EE6}"
EndProject
Project("{2150E333-8FDC-42A3-9474-1A3956D46DE8}") = "Microservices", "Microservices", "{F638DFCB-C8BC-4C9A-9DD2-E07739F58A93}"
EndProject
Project("{2150E333-8FDC-42A3-9474-1A3956D46DE8}") = "Prueba", "Prueba", "{98F77932-81C8-40F8-BC34-E1554C1EC7EC}"
EndProject
Project("{2150E333-8FDC-42A3-9474-1A3956D46DE8}") = "Application", "Application", "{62028210-78C5-4DA4-A546-40C9071FD569}"
EndProject
Project("{2150E333-8FDC-42A3-9474-1A3956D46DE8}") = "Domain", "Domain", "{4AEC3664-B4CA-4E89-842B-CC20ACE0A982}"
EndProject
Project("{2150E333-8FDC-42A3-9474-1A3956D46DE8}") = "Infraestructure", "Infraestructure", "{C098D79A-B401-44E7-8729-4114AF7C0C82}"
EndProject
Project("{2150E333-8FDC-42A3-9474-1A3956D46DE8}") = "Shared", "Shared", "{88990280-04E1-4189-AA59-DCBB2AEC0C6E}"
EndProject
Project("{2150E333-8FDC-42A3-9474-1A3956D46DE8}") = "Domain", "Domain", "{29E889DD-EECD-4C87-AB6E-289C5A83EC66}"
EndProject
Project("{2150E333-8FDC-42A3-9474-1A3956D46DE8}") = "Infra.Multitenant", "Infra.Multitenant", "{DB196537-50FF-4B25-B795-292900235113}"
EndProject
Project("{2150E333-8FDC-42A3-9474-1A3956D46DE8}") = "CQRS", "CQRS", "{74121832-6B53-45CF-B27B-EF96500FE46D}"
EndProject
Project("{2150E333-8FDC-42A3-9474-1A3956D46DE8}") = "Services", "Services", "{747DE5AD-DC41-43C8-A1FA-D5FD7F9219AC}"
EndProject
Project("{FAE04EC0-301F-11D3-BF4B-00C04F79EFBC}") = "Prueba.CQRS", "Prueba.CQRS\Prueba.CQRS.csproj", "{63AD5B78-D9F5-4DCE-B87C-7D4D8185BE3E}"
EndProject
Project("{FAE04EC0-301F-11D3-BF4B-00C04F79EFBC}") = "Prueba.Services", "Prueba.Services\Prueba.Services.csproj", "{282AC8AE-5785-4497-B96C-39A294B945A5}"
EndProject
Project("{FAE04EC0-301F-11D3-BF4B-00C04F79EFBC}") = "Prueba.Domain.SeedWork", "Prueba.Domain.SeedWork\Prueba.Domain.SeedWork.csproj", "{E8F8019D-4FB1-4EEC-9718-F2FB8C67BF24}"
EndProject
Project("{FAE04EC0-301F-11D3-BF4B-00C04F79EFBC}") = "Prueba.Domain", "Prueba.Domain\Prueba.Domain.csproj", "{492A4E9C-2651-4FA7-9D2E-E9EA6947E8BB}"
EndProject
Project("{2150E333-8FDC-42A3-9474-1A3956D46DE8}") = "Dapper", "Dapper", "{3C6DAE37-C86E-4583-99BA-2610DFCAAA13}"
EndProject
Project("{FAE04EC0-301F-11D3-BF4B-00C04F79EFBC}") = "Prueba.Infraestructure.Repository", "Prueba.Infraestructure.Repository\Prueba.Infraestructure.Repository.csproj", "{B4E57695-B2A3-4F26-83E9-210BE06C9049}"
EndProject
Global
	GlobalSection(SolutionConfigurationPlatforms) = preSolution
		Debug|Any CPU = Debug|Any CPU
		Release|Any CPU = Release|Any CPU
	EndGlobalSection
	GlobalSection(ProjectConfigurationPlatforms) = postSolution
		{EB25EFB0-5629-4282-856A-750C2DA490B7}.Debug|Any CPU.ActiveCfg = Debug|Any CPU
		{EB25EFB0-5629-4282-856A-750C2DA490B7}.Debug|Any CPU.Build.0 = Debug|Any CPU
		{EB25EFB0-5629-4282-856A-750C2DA490B7}.Release|Any CPU.ActiveCfg = Release|Any CPU
		{EB25EFB0-5629-4282-856A-750C2DA490B7}.Release|Any CPU.Build.0 = Release|Any CPU
		{63AD5B78-D9F5-4DCE-B87C-7D4D8185BE3E}.Debug|Any CPU.ActiveCfg = Debug|Any CPU
		{63AD5B78-D9F5-4DCE-B87C-7D4D8185BE3E}.Debug|Any CPU.Build.0 = Debug|Any CPU
		{63AD5B78-D9F5-4DCE-B87C-7D4D8185BE3E}.Release|Any CPU.ActiveCfg = Release|Any CPU
		{63AD5B78-D9F5-4DCE-B87C-7D4D8185BE3E}.Release|Any CPU.Build.0 = Release|Any CPU
		{282AC8AE-5785-4497-B96C-39A294B945A5}.Debug|Any CPU.ActiveCfg = Debug|Any CPU
		{282AC8AE-5785-4497-B96C-39A294B945A5}.Debug|Any CPU.Build.0 = Debug|Any CPU
		{282AC8AE-5785-4497-B96C-39A294B945A5}.Release|Any CPU.ActiveCfg = Release|Any CPU
		{282AC8AE-5785-4497-B96C-39A294B945A5}.Release|Any CPU.Build.0 = Release|Any CPU
		{E8F8019D-4FB1-4EEC-9718-F2FB8C67BF24}.Debug|Any CPU.ActiveCfg = Debug|Any CPU
		{E8F8019D-4FB1-4EEC-9718-F2FB8C67BF24}.Debug|Any CPU.Build.0 = Debug|Any CPU
		{E8F8019D-4FB1-4EEC-9718-F2FB8C67BF24}.Release|Any CPU.ActiveCfg = Release|Any CPU
		{E8F8019D-4FB1-4EEC-9718-F2FB8C67BF24}.Release|Any CPU.Build.0 = Release|Any CPU
		{492A4E9C-2651-4FA7-9D2E-E9EA6947E8BB}.Debug|Any CPU.ActiveCfg = Debug|Any CPU
		{492A4E9C-2651-4FA7-9D2E-E9EA6947E8BB}.Debug|Any CPU.Build.0 = Debug|Any CPU
		{492A4E9C-2651-4FA7-9D2E-E9EA6947E8BB}.Release|Any CPU.ActiveCfg = Release|Any CPU
		{492A4E9C-2651-4FA7-9D2E-E9EA6947E8BB}.Release|Any CPU.Build.0 = Release|Any CPU
		{B4E57695-B2A3-4F26-83E9-210BE06C9049}.Debug|Any CPU.ActiveCfg = Debug|Any CPU
		{B4E57695-B2A3-4F26-83E9-210BE06C9049}.Debug|Any CPU.Build.0 = Debug|Any CPU
		{B4E57695-B2A3-4F26-83E9-210BE06C9049}.Release|Any CPU.ActiveCfg = Release|Any CPU
		{B4E57695-B2A3-4F26-83E9-210BE06C9049}.Release|Any CPU.Build.0 = Release|Any CPU
	EndGlobalSection
	GlobalSection(SolutionProperties) = preSolution
		HideSolutionNode = FALSE
	EndGlobalSection
	GlobalSection(NestedProjects) = preSolution
		{EB25EFB0-5629-4282-856A-750C2DA490B7} = {F9C778B9-DBAF-4627-BF80-517733807EE6}
		{F9C778B9-DBAF-4627-BF80-517733807EE6} = {98F77932-81C8-40F8-BC34-E1554C1EC7EC}
		{98F77932-81C8-40F8-BC34-E1554C1EC7EC} = {F638DFCB-C8BC-4C9A-9DD2-E07739F58A93}
		{62028210-78C5-4DA4-A546-40C9071FD569} = {98F77932-81C8-40F8-BC34-E1554C1EC7EC}
		{4AEC3664-B4CA-4E89-842B-CC20ACE0A982} = {98F77932-81C8-40F8-BC34-E1554C1EC7EC}
		{C098D79A-B401-44E7-8729-4114AF7C0C82} = {98F77932-81C8-40F8-BC34-E1554C1EC7EC}
		{88990280-04E1-4189-AA59-DCBB2AEC0C6E} = {F638DFCB-C8BC-4C9A-9DD2-E07739F58A93}
		{29E889DD-EECD-4C87-AB6E-289C5A83EC66} = {88990280-04E1-4189-AA59-DCBB2AEC0C6E}
		{DB196537-50FF-4B25-B795-292900235113} = {88990280-04E1-4189-AA59-DCBB2AEC0C6E}
		{74121832-6B53-45CF-B27B-EF96500FE46D} = {62028210-78C5-4DA4-A546-40C9071FD569}
		{747DE5AD-DC41-43C8-A1FA-D5FD7F9219AC} = {62028210-78C5-4DA4-A546-40C9071FD569}
		{63AD5B78-D9F5-4DCE-B87C-7D4D8185BE3E} = {74121832-6B53-45CF-B27B-EF96500FE46D}
		{282AC8AE-5785-4497-B96C-39A294B945A5} = {747DE5AD-DC41-43C8-A1FA-D5FD7F9219AC}
		{E8F8019D-4FB1-4EEC-9718-F2FB8C67BF24} = {4AEC3664-B4CA-4E89-842B-CC20ACE0A982}
		{492A4E9C-2651-4FA7-9D2E-E9EA6947E8BB} = {4AEC3664-B4CA-4E89-842B-CC20ACE0A982}
		{3C6DAE37-C86E-4583-99BA-2610DFCAAA13} = {C098D79A-B401-44E7-8729-4114AF7C0C82}
		{B4E57695-B2A3-4F26-83E9-210BE06C9049} = {3C6DAE37-C86E-4583-99BA-2610DFCAAA13}
	EndGlobalSection
	GlobalSection(ExtensibilityGlobals) = postSolution
		SolutionGuid = {55FD40EB-F5DA-4E81-8993-699B42D0D572}
	EndGlobalSection
EndGlobal
